
Microsoft Visual Studio Solution File, Format Version 12.00
# Visual Studio Version 17
VisualStudioVersion = 17.4.33403.182
MinimumVisualStudioVersion = 10.0.40219.1
Project("{FAE04EC0-301F-11D3-BF4B-00C04F79EFBC}") = "TimeDiffFunction", "TimeDiffFunction\TimeDiffFunction.csproj", "{E310E6A2-B682-4846-AC61-915BBE593939}"
EndProject
Global
	GlobalSection(SolutionConfigurationPlatforms) = preSolution
		Debug|Any CPU = Debug|Any CPU
		Release|Any CPU = Release|Any CPU
	EndGlobalSection
	GlobalSection(ProjectConfigurationPlatforms) = postSolution
		{E310E6A2-B682-4846-AC61-915BBE593939}.Debug|Any CPU.ActiveCfg = Debug|Any CPU
		{E310E6A2-B682-4846-AC61-915BBE593939}.Debug|Any CPU.Build.0 = Debug|Any CPU
		{E310E6A2-B682-4846-AC61-915BBE593939}.Release|Any CPU.ActiveCfg = Release|Any CPU
		{E310E6A2-B682-4846-AC61-915BBE593939}.Release|Any CPU.Build.0 = Release|Any CPU
	EndGlobalSection
	GlobalSection(SolutionProperties) = preSolution
		HideSolutionNode = FALSE
	EndGlobalSection
	GlobalSection(ExtensibilityGlobals) = postSolution
		SolutionGuid = {2FE94756-879A-439D-9D55-7C68D65A39AC}
	EndGlobalSection
EndGlobal
